
Microsoft Visual Studio Solution File, Format Version 12.00
# Visual Studio Version 17
VisualStudioVersion = 17.14.36221.1 d17.14
MinimumVisualStudioVersion = 10.0.40219.1
Project("{FAE04EC0-301F-11D3-BF4B-00C04F79EFBC}") = "Practica1G", "Practica1G\Practica1G.csproj", "{3B437D5A-A13F-4F8C-9568-B6AF63F72203}"
EndProject
Global
	GlobalSection(SolutionConfigurationPlatforms) = preSolution
		Debug|Any CPU = Debug|Any CPU
		Release|Any CPU = Release|Any CPU
	EndGlobalSection
	GlobalSection(ProjectConfigurationPlatforms) = postSolution
		{3B437D5A-A13F-4F8C-9568-B6AF63F72203}.Debug|Any CPU.ActiveCfg = Debug|Any CPU
		{3B437D5A-A13F-4F8C-9568-B6AF63F72203}.Debug|Any CPU.Build.0 = Debug|Any CPU
		{3B437D5A-A13F-4F8C-9568-B6AF63F72203}.Release|Any CPU.ActiveCfg = Release|Any CPU
		{3B437D5A-A13F-4F8C-9568-B6AF63F72203}.Release|Any CPU.Build.0 = Release|Any CPU
	EndGlobalSection
	GlobalSection(SolutionProperties) = preSolution
		HideSolutionNode = FALSE
	EndGlobalSection
	GlobalSection(ExtensibilityGlobals) = postSolution
		SolutionGuid = {460D087D-8261-4CF3-BC1B-ED4D2681BE23}
	EndGlobalSection
EndGlobal
