
Microsoft Visual Studio Solution File, Format Version 12.00
# Visual Studio Version 17
VisualStudioVersion = 17.14.36221.1 d17.14
MinimumVisualStudioVersion = 10.0.40219.1
Project("{FAE04EC0-301F-11D3-BF4B-00C04F79EFBC}") = "Practica01G", "Practica01G\Practica01G.csproj", "{28516B39-0D53-4DF8-BCD6-520A1AFAD50E}"
EndProject
Global
	GlobalSection(SolutionConfigurationPlatforms) = preSolution
		Debug|Any CPU = Debug|Any CPU
		Release|Any CPU = Release|Any CPU
	EndGlobalSection
	GlobalSection(ProjectConfigurationPlatforms) = postSolution
		{28516B39-0D53-4DF8-BCD6-520A1AFAD50E}.Debug|Any CPU.ActiveCfg = Debug|Any CPU
		{28516B39-0D53-4DF8-BCD6-520A1AFAD50E}.Debug|Any CPU.Build.0 = Debug|Any CPU
		{28516B39-0D53-4DF8-BCD6-520A1AFAD50E}.Release|Any CPU.ActiveCfg = Release|Any CPU
		{28516B39-0D53-4DF8-BCD6-520A1AFAD50E}.Release|Any CPU.Build.0 = Release|Any CPU
	EndGlobalSection
	GlobalSection(SolutionProperties) = preSolution
		HideSolutionNode = FALSE
	EndGlobalSection
	GlobalSection(ExtensibilityGlobals) = postSolution
		SolutionGuid = {795731F6-239D-4B33-87BD-606A458A1AD2}
	EndGlobalSection
EndGlobal
